// !$*UTF8*$!
{
	archiveVersion = 1;
	classes = {
	};
	objectVersion = 46;
	objects = {

/* Begin PBXBuildFile section */
		03D46AA9F49DEBBB7230F0AC /* Pods_XcodeRemote_WatchKit_Extension.framework in Frameworks */ = {isa = PBXBuildFile; fileRef = D1974CC3DAF4CC69561C758B /* Pods_XcodeRemote_WatchKit_Extension.framework */; settings = {ATTRIBUTES = (Weak, ); }; };
		9DBC4C2E15C3DF6B8BA16904 /* Pods_XcodeRemotePhone.framework in Frameworks */ = {isa = PBXBuildFile; fileRef = 5D0C44D274FEE99297036ECC /* Pods_XcodeRemotePhone.framework */; settings = {ATTRIBUTES = (Weak, ); }; };
		A1B9D4781AF67A63002128F3 /* AppDelegate.swift in Sources */ = {isa = PBXBuildFile; fileRef = A1B9D4771AF67A63002128F3 /* AppDelegate.swift */; };
		A1B9D47C1AF67A63002128F3 /* Images.xcassets in Resources */ = {isa = PBXBuildFile; fileRef = A1B9D47B1AF67A63002128F3 /* Images.xcassets */; };
		A1B9D47F1AF67A63002128F3 /* Main.storyboard in Resources */ = {isa = PBXBuildFile; fileRef = A1B9D47D1AF67A63002128F3 /* Main.storyboard */; };
		A1B9D4961AF67B61002128F3 /* dock-icon@2x.png in Resources */ = {isa = PBXBuildFile; fileRef = A1B9D4951AF67B61002128F3 /* dock-icon@2x.png */; };
		A1B9D4CB1AF681AE002128F3 /* AppDelegate.swift in Sources */ = {isa = PBXBuildFile; fileRef = A1B9D4CA1AF681AE002128F3 /* AppDelegate.swift */; };
		A1B9D4D01AF681AE002128F3 /* Main.storyboard in Resources */ = {isa = PBXBuildFile; fileRef = A1B9D4CE1AF681AE002128F3 /* Main.storyboard */; };
		A1B9D4D21AF681AE002128F3 /* Images.xcassets in Resources */ = {isa = PBXBuildFile; fileRef = A1B9D4D11AF681AE002128F3 /* Images.xcassets */; };
		A1B9D4D51AF681AE002128F3 /* LaunchScreen.xib in Resources */ = {isa = PBXBuildFile; fileRef = A1B9D4D31AF681AE002128F3 /* LaunchScreen.xib */; };
		A1B9D4F11AF6820D002128F3 /* InterfaceController.swift in Sources */ = {isa = PBXBuildFile; fileRef = A1B9D4F01AF6820D002128F3 /* InterfaceController.swift */; };
		A1B9D4F31AF6820D002128F3 /* Images.xcassets in Resources */ = {isa = PBXBuildFile; fileRef = A1B9D4F21AF6820D002128F3 /* Images.xcassets */; };
		A1B9D4F71AF6820D002128F3 /* XcodeRemote WatchKit App.app in Resources */ = {isa = PBXBuildFile; fileRef = A1B9D4F61AF6820D002128F3 /* XcodeRemote WatchKit App.app */; };
		A1B9D4FF1AF6820D002128F3 /* Interface.storyboard in Resources */ = {isa = PBXBuildFile; fileRef = A1B9D4FD1AF6820D002128F3 /* Interface.storyboard */; };
		A1B9D5011AF6820D002128F3 /* Images.xcassets in Resources */ = {isa = PBXBuildFile; fileRef = A1B9D5001AF6820D002128F3 /* Images.xcassets */; };
		A1FA84FA1AF697F400DA1FDD /* XcodeRemote WatchKit Extension.appex in Embed App Extensions */ = {isa = PBXBuildFile; fileRef = A1B9D4EC1AF6820D002128F3 /* XcodeRemote WatchKit Extension.appex */; settings = {ATTRIBUTES = (RemoveHeadersOnCopy, ); }; };
		F531F493E63A56261AA30179 /* Pods_XcodeRemote.framework in Frameworks */ = {isa = PBXBuildFile; fileRef = F85A1DD2C6D331F44E7F43AC /* Pods_XcodeRemote.framework */; settings = {ATTRIBUTES = (Weak, ); }; };
/* End PBXBuildFile section */

/* Begin PBXContainerItemProxy section */
		A1B9D4F81AF6820D002128F3 /* PBXContainerItemProxy */ = {
			isa = PBXContainerItemProxy;
			containerPortal = A1B9D46A1AF67A63002128F3 /* Project object */;
			proxyType = 1;
			remoteGlobalIDString = A1B9D4F51AF6820D002128F3;
			remoteInfo = "XcodeRemote WatchKit App";
		};
		A1FA84F81AF697E300DA1FDD /* PBXContainerItemProxy */ = {
			isa = PBXContainerItemProxy;
			containerPortal = A1B9D46A1AF67A63002128F3 /* Project object */;
			proxyType = 1;
			remoteGlobalIDString = A1B9D4EB1AF6820D002128F3;
			remoteInfo = "XcodeRemote WatchKit Extension";
		};
/* End PBXContainerItemProxy section */

/* Begin PBXCopyFilesBuildPhase section */
		A1FA84FB1AF697F400DA1FDD /* Embed App Extensions */ = {
			isa = PBXCopyFilesBuildPhase;
			buildActionMask = 2147483647;
			dstPath = "";
			dstSubfolderSpec = 13;
			files = (
				A1FA84FA1AF697F400DA1FDD /* XcodeRemote WatchKit Extension.appex in Embed App Extensions */,
			);
			name = "Embed App Extensions";
			runOnlyForDeploymentPostprocessing = 0;
		};
/* End PBXCopyFilesBuildPhase section */

/* Begin PBXFileReference section */
		24F7B82253B57096473DDA05 /* Pods-XcodeRemote.debug.xcconfig */ = {isa = PBXFileReference; includeInIndex = 1; lastKnownFileType = text.xcconfig; name = "Pods-XcodeRemote.debug.xcconfig"; path = "Pods/Target Support Files/Pods-XcodeRemote/Pods-XcodeRemote.debug.xcconfig"; sourceTree = "<group>"; };
		5D0C44D274FEE99297036ECC /* Pods_XcodeRemotePhone.framework */ = {isa = PBXFileReference; explicitFileType = wrapper.framework; includeInIndex = 0; path = Pods_XcodeRemotePhone.framework; sourceTree = BUILT_PRODUCTS_DIR; };
		7392BADEA6B8B3033DC8AD2B /* Pods-XcodeRemote WatchKit Extension.release.xcconfig */ = {isa = PBXFileReference; includeInIndex = 1; lastKnownFileType = text.xcconfig; name = "Pods-XcodeRemote WatchKit Extension.release.xcconfig"; path = "Pods/Target Support Files/Pods-XcodeRemote WatchKit Extension/Pods-XcodeRemote WatchKit Extension.release.xcconfig"; sourceTree = "<group>"; };
		92693ED1BD228E1CC3B9706D /* Pods-XcodeRemotePhone.debug.xcconfig */ = {isa = PBXFileReference; includeInIndex = 1; lastKnownFileType = text.xcconfig; name = "Pods-XcodeRemotePhone.debug.xcconfig"; path = "Pods/Target Support Files/Pods-XcodeRemotePhone/Pods-XcodeRemotePhone.debug.xcconfig"; sourceTree = "<group>"; };
		932F2A30C89434072F38CE65 /* Pods-XcodeRemote.release.xcconfig */ = {isa = PBXFileReference; includeInIndex = 1; lastKnownFileType = text.xcconfig; name = "Pods-XcodeRemote.release.xcconfig"; path = "Pods/Target Support Files/Pods-XcodeRemote/Pods-XcodeRemote.release.xcconfig"; sourceTree = "<group>"; };
		94D07ED2F520B7D4BC3C5FA8 /* Pods-XcodeRemote WatchKit Extension.debug.xcconfig */ = {isa = PBXFileReference; includeInIndex = 1; lastKnownFileType = text.xcconfig; name = "Pods-XcodeRemote WatchKit Extension.debug.xcconfig"; path = "Pods/Target Support Files/Pods-XcodeRemote WatchKit Extension/Pods-XcodeRemote WatchKit Extension.debug.xcconfig"; sourceTree = "<group>"; };
		A1B9D4721AF67A63002128F3 /* XcodeRemote.app */ = {isa = PBXFileReference; explicitFileType = wrapper.application; includeInIndex = 0; path = XcodeRemote.app; sourceTree = BUILT_PRODUCTS_DIR; };
		A1B9D4761AF67A63002128F3 /* Info.plist */ = {isa = PBXFileReference; lastKnownFileType = text.plist.xml; path = Info.plist; sourceTree = "<group>"; };
		A1B9D4771AF67A63002128F3 /* AppDelegate.swift */ = {isa = PBXFileReference; lastKnownFileType = sourcecode.swift; path = AppDelegate.swift; sourceTree = "<group>"; };
		A1B9D47B1AF67A63002128F3 /* Images.xcassets */ = {isa = PBXFileReference; lastKnownFileType = folder.assetcatalog; path = Images.xcassets; sourceTree = "<group>"; };
		A1B9D47E1AF67A63002128F3 /* Base */ = {isa = PBXFileReference; lastKnownFileType = file.storyboard; name = Base; path = Base.lproj/Main.storyboard; sourceTree = "<group>"; };
		A1B9D4951AF67B61002128F3 /* dock-icon@2x.png */ = {isa = PBXFileReference; lastKnownFileType = image.png; path = "dock-icon@2x.png"; sourceTree = "<group>"; };
		A1B9D4C61AF681AE002128F3 /* XcodeRemotePhone.app */ = {isa = PBXFileReference; explicitFileType = wrapper.application; includeInIndex = 0; path = XcodeRemotePhone.app; sourceTree = BUILT_PRODUCTS_DIR; };
		A1B9D4C91AF681AE002128F3 /* Info.plist */ = {isa = PBXFileReference; lastKnownFileType = text.plist.xml; path = Info.plist; sourceTree = "<group>"; };
		A1B9D4CA1AF681AE002128F3 /* AppDelegate.swift */ = {isa = PBXFileReference; lastKnownFileType = sourcecode.swift; path = AppDelegate.swift; sourceTree = "<group>"; };
		A1B9D4CF1AF681AE002128F3 /* Base */ = {isa = PBXFileReference; lastKnownFileType = file.storyboard; name = Base; path = Base.lproj/Main.storyboard; sourceTree = "<group>"; };
		A1B9D4D11AF681AE002128F3 /* Images.xcassets */ = {isa = PBXFileReference; lastKnownFileType = folder.assetcatalog; path = Images.xcassets; sourceTree = "<group>"; };
		A1B9D4D41AF681AE002128F3 /* Base */ = {isa = PBXFileReference; lastKnownFileType = file.xib; name = Base; path = Base.lproj/LaunchScreen.xib; sourceTree = "<group>"; };
		A1B9D4EC1AF6820D002128F3 /* XcodeRemote WatchKit Extension.appex */ = {isa = PBXFileReference; explicitFileType = "wrapper.app-extension"; includeInIndex = 0; path = "XcodeRemote WatchKit Extension.appex"; sourceTree = BUILT_PRODUCTS_DIR; };
		A1B9D4EF1AF6820D002128F3 /* Info.plist */ = {isa = PBXFileReference; lastKnownFileType = text.plist.xml; path = Info.plist; sourceTree = "<group>"; };
		A1B9D4F01AF6820D002128F3 /* InterfaceController.swift */ = {isa = PBXFileReference; lastKnownFileType = sourcecode.swift; path = InterfaceController.swift; sourceTree = "<group>"; };
		A1B9D4F21AF6820D002128F3 /* Images.xcassets */ = {isa = PBXFileReference; lastKnownFileType = folder.assetcatalog; path = Images.xcassets; sourceTree = "<group>"; };
		A1B9D4F61AF6820D002128F3 /* XcodeRemote WatchKit App.app */ = {isa = PBXFileReference; explicitFileType = wrapper.application; includeInIndex = 0; path = "XcodeRemote WatchKit App.app"; sourceTree = BUILT_PRODUCTS_DIR; };
		A1B9D4FC1AF6820D002128F3 /* Info.plist */ = {isa = PBXFileReference; lastKnownFileType = text.plist.xml; path = Info.plist; sourceTree = "<group>"; };
		A1B9D4FE1AF6820D002128F3 /* Base */ = {isa = PBXFileReference; lastKnownFileType = file.storyboard; name = Base; path = Base.lproj/Interface.storyboard; sourceTree = "<group>"; };
		A1B9D5001AF6820D002128F3 /* Images.xcassets */ = {isa = PBXFileReference; lastKnownFileType = folder.assetcatalog; path = Images.xcassets; sourceTree = "<group>"; };
		CD71BE794AFFEECF95971E2C /* Pods-XcodeRemotePhone.release.xcconfig */ = {isa = PBXFileReference; includeInIndex = 1; lastKnownFileType = text.xcconfig; name = "Pods-XcodeRemotePhone.release.xcconfig"; path = "Pods/Target Support Files/Pods-XcodeRemotePhone/Pods-XcodeRemotePhone.release.xcconfig"; sourceTree = "<group>"; };
		D1974CC3DAF4CC69561C758B /* Pods_XcodeRemote_WatchKit_Extension.framework */ = {isa = PBXFileReference; explicitFileType = wrapper.framework; includeInIndex = 0; path = Pods_XcodeRemote_WatchKit_Extension.framework; sourceTree = BUILT_PRODUCTS_DIR; };
		F85A1DD2C6D331F44E7F43AC /* Pods_XcodeRemote.framework */ = {isa = PBXFileReference; explicitFileType = wrapper.framework; includeInIndex = 0; path = Pods_XcodeRemote.framework; sourceTree = BUILT_PRODUCTS_DIR; };
/* End PBXFileReference section */

/* Begin PBXFrameworksBuildPhase section */
		A1B9D46F1AF67A63002128F3 /* Frameworks */ = {
			isa = PBXFrameworksBuildPhase;
			buildActionMask = 2147483647;
			files = (
				F531F493E63A56261AA30179 /* Pods_XcodeRemote.framework in Frameworks */,
			);
			runOnlyForDeploymentPostprocessing = 0;
		};
		A1B9D4C31AF681AE002128F3 /* Frameworks */ = {
			isa = PBXFrameworksBuildPhase;
			buildActionMask = 2147483647;
			files = (
				9DBC4C2E15C3DF6B8BA16904 /* Pods_XcodeRemotePhone.framework in Frameworks */,
			);
			runOnlyForDeploymentPostprocessing = 0;
		};
		A1B9D4E91AF6820D002128F3 /* Frameworks */ = {
			isa = PBXFrameworksBuildPhase;
			buildActionMask = 2147483647;
			files = (
				03D46AA9F49DEBBB7230F0AC /* Pods_XcodeRemote_WatchKit_Extension.framework in Frameworks */,
			);
			runOnlyForDeploymentPostprocessing = 0;
		};
/* End PBXFrameworksBuildPhase section */

/* Begin PBXGroup section */
		51F7E38E9D635D97856F47AF /* Frameworks */ = {
			isa = PBXGroup;
			children = (
				F85A1DD2C6D331F44E7F43AC /* Pods_XcodeRemote.framework */,
				D1974CC3DAF4CC69561C758B /* Pods_XcodeRemote_WatchKit_Extension.framework */,
				5D0C44D274FEE99297036ECC /* Pods_XcodeRemotePhone.framework */,
			);
			name = Frameworks;
			sourceTree = "<group>";
		};
		A1B9D4691AF67A63002128F3 = {
			isa = PBXGroup;
			children = (
				A1B9D4741AF67A63002128F3 /* Code */,
				51F7E38E9D635D97856F47AF /* Frameworks */,
				DA946224CC12DDBF20AECB2D /* Pods */,
				A1B9D4731AF67A63002128F3 /* Products */,
				A1B9D4941AF67A83002128F3 /* Resources */,
				A1B9D4751AF67A63002128F3 /* Supporting Files */,
				A1B9D4C71AF681AE002128F3 /* XcodeRemotePhone */,
				A1B9D4FA1AF6820D002128F3 /* XcodeRemote WatchKit App */,
				A1B9D4ED1AF6820D002128F3 /* XcodeRemote WatchKit Extension */,
			);
			sourceTree = "<group>";
		};
		A1B9D4731AF67A63002128F3 /* Products */ = {
			isa = PBXGroup;
			children = (
				A1B9D4721AF67A63002128F3 /* XcodeRemote.app */,
				A1B9D4C61AF681AE002128F3 /* XcodeRemotePhone.app */,
				A1B9D4EC1AF6820D002128F3 /* XcodeRemote WatchKit Extension.appex */,
				A1B9D4F61AF6820D002128F3 /* XcodeRemote WatchKit App.app */,
			);
			name = Products;
			sourceTree = "<group>";
		};
		A1B9D4741AF67A63002128F3 /* Code */ = {
			isa = PBXGroup;
			children = (
				A1B9D4771AF67A63002128F3 /* AppDelegate.swift */,
			);
			path = Code;
			sourceTree = "<group>";
		};
		A1B9D4751AF67A63002128F3 /* Supporting Files */ = {
			isa = PBXGroup;
			children = (
				A1B9D4761AF67A63002128F3 /* Info.plist */,
			);
			path = "Supporting Files";
			sourceTree = "<group>";
		};
		A1B9D4941AF67A83002128F3 /* Resources */ = {
			isa = PBXGroup;
			children = (
				A1B9D4951AF67B61002128F3 /* dock-icon@2x.png */,
				A1B9D47B1AF67A63002128F3 /* Images.xcassets */,
				A1B9D47D1AF67A63002128F3 /* Main.storyboard */,
			);
			path = Resources;
			sourceTree = "<group>";
		};
		A1B9D4C71AF681AE002128F3 /* XcodeRemotePhone */ = {
			isa = PBXGroup;
			children = (
				A1B9D4CA1AF681AE002128F3 /* AppDelegate.swift */,
				A1B9D4D11AF681AE002128F3 /* Images.xcassets */,
				A1B9D4C91AF681AE002128F3 /* Info.plist */,
				A1B9D4D31AF681AE002128F3 /* LaunchScreen.xib */,
				A1B9D4CE1AF681AE002128F3 /* Main.storyboard */,
			);
			path = XcodeRemotePhone;
			sourceTree = "<group>";
		};
		A1B9D4ED1AF6820D002128F3 /* XcodeRemote WatchKit Extension */ = {
			isa = PBXGroup;
			children = (
				A1B9D4F21AF6820D002128F3 /* Images.xcassets */,
				A1B9D4EF1AF6820D002128F3 /* Info.plist */,
				A1B9D4F01AF6820D002128F3 /* InterfaceController.swift */,
			);
			path = "XcodeRemote WatchKit Extension";
			sourceTree = "<group>";
		};
		A1B9D4FA1AF6820D002128F3 /* XcodeRemote WatchKit App */ = {
			isa = PBXGroup;
			children = (
				A1B9D5001AF6820D002128F3 /* Images.xcassets */,
				A1B9D4FD1AF6820D002128F3 /* Interface.storyboard */,
				A1B9D4FC1AF6820D002128F3 /* Info.plist */,
			);
			path = "XcodeRemote WatchKit App";
			sourceTree = "<group>";
		};
		DA946224CC12DDBF20AECB2D /* Pods */ = {
			isa = PBXGroup;
			children = (
				24F7B82253B57096473DDA05 /* Pods-XcodeRemote.debug.xcconfig */,
				932F2A30C89434072F38CE65 /* Pods-XcodeRemote.release.xcconfig */,
				94D07ED2F520B7D4BC3C5FA8 /* Pods-XcodeRemote WatchKit Extension.debug.xcconfig */,
				7392BADEA6B8B3033DC8AD2B /* Pods-XcodeRemote WatchKit Extension.release.xcconfig */,
				92693ED1BD228E1CC3B9706D /* Pods-XcodeRemotePhone.debug.xcconfig */,
				CD71BE794AFFEECF95971E2C /* Pods-XcodeRemotePhone.release.xcconfig */,
			);
			name = Pods;
			sourceTree = "<group>";
		};
/* End PBXGroup section */

/* Begin PBXNativeTarget section */
		A1B9D4711AF67A63002128F3 /* XcodeRemote */ = {
			isa = PBXNativeTarget;
			buildConfigurationList = A1B9D48E1AF67A64002128F3 /* Build configuration list for PBXNativeTarget "XcodeRemote" */;
			buildPhases = (
				C5CB42EB929726FAD7261026 /* Check Pods Manifest.lock */,
				A1B9D46E1AF67A63002128F3 /* Sources */,
				A1B9D46F1AF67A63002128F3 /* Frameworks */,
				A1B9D4701AF67A63002128F3 /* Resources */,
				0C4C12B4F9D403A2FEFACB0E /* Embed Pods Frameworks */,
				8493C988C485AA5055378D2A /* Copy Pods Resources */,
			);
			buildRules = (
			);
			dependencies = (
			);
			name = XcodeRemote;
			productName = XcodeRemote;
			productReference = A1B9D4721AF67A63002128F3 /* XcodeRemote.app */;
			productType = "com.apple.product-type.application";
		};
		A1B9D4C51AF681AE002128F3 /* XcodeRemotePhone */ = {
			isa = PBXNativeTarget;
			buildConfigurationList = A1B9D4E61AF681AE002128F3 /* Build configuration list for PBXNativeTarget "XcodeRemotePhone" */;
			buildPhases = (
				2E64FCBEC0B2BE9851CEEDCE /* Check Pods Manifest.lock */,
				A1B9D4C21AF681AE002128F3 /* Sources */,
				A1B9D4C31AF681AE002128F3 /* Frameworks */,
				A1B9D4C41AF681AE002128F3 /* Resources */,
				3E9AA196B977CD5E5F40E0AD /* Embed Pods Frameworks */,
				EA6A9C4361C20AA5A7B4B11D /* Copy Pods Resources */,
				A1FA84FB1AF697F400DA1FDD /* Embed App Extensions */,
			);
			buildRules = (
			);
			dependencies = (
				A1FA84F91AF697E300DA1FDD /* PBXTargetDependency */,
			);
			name = XcodeRemotePhone;
			productName = XcodeRemotePhone;
			productReference = A1B9D4C61AF681AE002128F3 /* XcodeRemotePhone.app */;
			productType = "com.apple.product-type.application";
		};
		A1B9D4EB1AF6820D002128F3 /* XcodeRemote WatchKit Extension */ = {
			isa = PBXNativeTarget;
			buildConfigurationList = A1B9D5081AF6820D002128F3 /* Build configuration list for PBXNativeTarget "XcodeRemote WatchKit Extension" */;
			buildPhases = (
				A8A7C01603041A7DFF017029 /* Check Pods Manifest.lock */,
				A1B9D4E81AF6820D002128F3 /* Sources */,
				A1B9D4E91AF6820D002128F3 /* Frameworks */,
				A1B9D4EA1AF6820D002128F3 /* Resources */,
				D918BD4450454162492DDC49 /* Embed Pods Frameworks */,
				404B13BECC6A762A2708DD20 /* Copy Pods Resources */,
			);
			buildRules = (
			);
			dependencies = (
				A1B9D4F91AF6820D002128F3 /* PBXTargetDependency */,
			);
			name = "XcodeRemote WatchKit Extension";
			productName = "XcodeRemote WatchKit Extension";
			productReference = A1B9D4EC1AF6820D002128F3 /* XcodeRemote WatchKit Extension.appex */;
			productType = "com.apple.product-type.watchkit-extension";
		};
		A1B9D4F51AF6820D002128F3 /* XcodeRemote WatchKit App */ = {
			isa = PBXNativeTarget;
			buildConfigurationList = A1B9D5051AF6820D002128F3 /* Build configuration list for PBXNativeTarget "XcodeRemote WatchKit App" */;
			buildPhases = (
				A1B9D4F41AF6820D002128F3 /* Resources */,
			);
			buildRules = (
			);
			dependencies = (
			);
			name = "XcodeRemote WatchKit App";
			productName = "XcodeRemote WatchKit App";
			productReference = A1B9D4F61AF6820D002128F3 /* XcodeRemote WatchKit App.app */;
			productType = "com.apple.product-type.application.watchapp";
		};
/* End PBXNativeTarget section */

/* Begin PBXProject section */
		A1B9D46A1AF67A63002128F3 /* Project object */ = {
			isa = PBXProject;
			attributes = {
				LastUpgradeCheck = 0630;
				ORGANIZATIONNAME = "Boris Bügling";
				TargetAttributes = {
					A1B9D4711AF67A63002128F3 = {
						CreatedOnToolsVersion = 6.3.1;
					};
					A1B9D4C51AF681AE002128F3 = {
						CreatedOnToolsVersion = 6.3.1;
					};
					A1B9D4EB1AF6820D002128F3 = {
						CreatedOnToolsVersion = 6.3.1;
					};
					A1B9D4F51AF6820D002128F3 = {
						CreatedOnToolsVersion = 6.3.1;
					};
				};
			};
			buildConfigurationList = A1B9D46D1AF67A63002128F3 /* Build configuration list for PBXProject "XcodeRemote" */;
			compatibilityVersion = "Xcode 3.2";
			developmentRegion = English;
			hasScannedForEncodings = 0;
			knownRegions = (
				en,
				Base,
			);
			mainGroup = A1B9D4691AF67A63002128F3;
			productRefGroup = A1B9D4731AF67A63002128F3 /* Products */;
			projectDirPath = "";
			projectRoot = "";
			targets = (
				A1B9D4711AF67A63002128F3 /* XcodeRemote */,
				A1B9D4C51AF681AE002128F3 /* XcodeRemotePhone */,
				A1B9D4EB1AF6820D002128F3 /* XcodeRemote WatchKit Extension */,
				A1B9D4F51AF6820D002128F3 /* XcodeRemote WatchKit App */,
			);
		};
/* End PBXProject section */

/* Begin PBXResourcesBuildPhase section */
		A1B9D4701AF67A63002128F3 /* Resources */ = {
			isa = PBXResourcesBuildPhase;
			buildActionMask = 2147483647;
			files = (
				A1B9D47C1AF67A63002128F3 /* Images.xcassets in Resources */,
				A1B9D4961AF67B61002128F3 /* dock-icon@2x.png in Resources */,
				A1B9D47F1AF67A63002128F3 /* Main.storyboard in Resources */,
			);
			runOnlyForDeploymentPostprocessing = 0;
		};
		A1B9D4C41AF681AE002128F3 /* Resources */ = {
			isa = PBXResourcesBuildPhase;
			buildActionMask = 2147483647;
			files = (
				A1B9D4D01AF681AE002128F3 /* Main.storyboard in Resources */,
				A1B9D4D51AF681AE002128F3 /* LaunchScreen.xib in Resources */,
				A1B9D4D21AF681AE002128F3 /* Images.xcassets in Resources */,
			);
			runOnlyForDeploymentPostprocessing = 0;
		};
		A1B9D4EA1AF6820D002128F3 /* Resources */ = {
			isa = PBXResourcesBuildPhase;
			buildActionMask = 2147483647;
			files = (
				A1B9D4F71AF6820D002128F3 /* XcodeRemote WatchKit App.app in Resources */,
				A1B9D4F31AF6820D002128F3 /* Images.xcassets in Resources */,
			);
			runOnlyForDeploymentPostprocessing = 0;
		};
		A1B9D4F41AF6820D002128F3 /* Resources */ = {
			isa = PBXResourcesBuildPhase;
			buildActionMask = 2147483647;
			files = (
				A1B9D4FF1AF6820D002128F3 /* Interface.storyboard in Resources */,
				A1B9D5011AF6820D002128F3 /* Images.xcassets in Resources */,
			);
			runOnlyForDeploymentPostprocessing = 0;
		};
/* End PBXResourcesBuildPhase section */

/* Begin PBXShellScriptBuildPhase section */
		0C4C12B4F9D403A2FEFACB0E /* Embed Pods Frameworks */ = {
			isa = PBXShellScriptBuildPhase;
			buildActionMask = 2147483647;
			files = (
			);
			inputPaths = (
			);
			name = "Embed Pods Frameworks";
			outputPaths = (
			);
			runOnlyForDeploymentPostprocessing = 0;
			shellPath = /bin/sh;
			shellScript = "\"${SRCROOT}/Pods/Target Support Files/Pods-XcodeRemote/Pods-XcodeRemote-frameworks.sh\"\n";
			showEnvVarsInLog = 0;
		};
		2E64FCBEC0B2BE9851CEEDCE /* Check Pods Manifest.lock */ = {
			isa = PBXShellScriptBuildPhase;
			buildActionMask = 2147483647;
			files = (
			);
			inputPaths = (
			);
			name = "Check Pods Manifest.lock";
			outputPaths = (
			);
			runOnlyForDeploymentPostprocessing = 0;
			shellPath = /bin/sh;
			shellScript = "diff \"${PODS_ROOT}/../Podfile.lock\" \"${PODS_ROOT}/Manifest.lock\" > /dev/null\nif [[ $? != 0 ]] ; then\n    cat << EOM\nerror: The sandbox is not in sync with the Podfile.lock. Run 'pod install' or update your CocoaPods installation.\nEOM\n    exit 1\nfi\n";
			showEnvVarsInLog = 0;
		};
		3E9AA196B977CD5E5F40E0AD /* Embed Pods Frameworks */ = {
			isa = PBXShellScriptBuildPhase;
			buildActionMask = 2147483647;
			files = (
			);
			inputPaths = (
			);
			name = "Embed Pods Frameworks";
			outputPaths = (
			);
			runOnlyForDeploymentPostprocessing = 0;
			shellPath = /bin/sh;
			shellScript = "\"${SRCROOT}/Pods/Target Support Files/Pods-XcodeRemotePhone/Pods-XcodeRemotePhone-frameworks.sh\"\n";
			showEnvVarsInLog = 0;
		};
		404B13BECC6A762A2708DD20 /* Copy Pods Resources */ = {
			isa = PBXShellScriptBuildPhase;
			buildActionMask = 2147483647;
			files = (
			);
			inputPaths = (
			);
			name = "Copy Pods Resources";
			outputPaths = (
			);
			runOnlyForDeploymentPostprocessing = 0;
			shellPath = /bin/sh;
			shellScript = "\"${SRCROOT}/Pods/Target Support Files/Pods-XcodeRemote WatchKit Extension/Pods-XcodeRemote WatchKit Extension-resources.sh\"\n";
			showEnvVarsInLog = 0;
		};
		8493C988C485AA5055378D2A /* Copy Pods Resources */ = {
			isa = PBXShellScriptBuildPhase;
			buildActionMask = 2147483647;
			files = (
			);
			inputPaths = (
			);
			name = "Copy Pods Resources";
			outputPaths = (
			);
			runOnlyForDeploymentPostprocessing = 0;
			shellPath = /bin/sh;
			shellScript = "\"${SRCROOT}/Pods/Target Support Files/Pods-XcodeRemote/Pods-XcodeRemote-resources.sh\"\n";
			showEnvVarsInLog = 0;
		};
		A8A7C01603041A7DFF017029 /* Check Pods Manifest.lock */ = {
			isa = PBXShellScriptBuildPhase;
			buildActionMask = 2147483647;
			files = (
			);
			inputPaths = (
			);
			name = "Check Pods Manifest.lock";
			outputPaths = (
			);
			runOnlyForDeploymentPostprocessing = 0;
			shellPath = /bin/sh;
			shellScript = "diff \"${PODS_ROOT}/../Podfile.lock\" \"${PODS_ROOT}/Manifest.lock\" > /dev/null\nif [[ $? != 0 ]] ; then\n    cat << EOM\nerror: The sandbox is not in sync with the Podfile.lock. Run 'pod install' or update your CocoaPods installation.\nEOM\n    exit 1\nfi\n";
			showEnvVarsInLog = 0;
		};
		C5CB42EB929726FAD7261026 /* Check Pods Manifest.lock */ = {
			isa = PBXShellScriptBuildPhase;
			buildActionMask = 2147483647;
			files = (
			);
			inputPaths = (
			);
			name = "Check Pods Manifest.lock";
			outputPaths = (
			);
			runOnlyForDeploymentPostprocessing = 0;
			shellPath = /bin/sh;
			shellScript = "diff \"${PODS_ROOT}/../Podfile.lock\" \"${PODS_ROOT}/Manifest.lock\" > /dev/null\nif [[ $? != 0 ]] ; then\n    cat << EOM\nerror: The sandbox is not in sync with the Podfile.lock. Run 'pod install' or update your CocoaPods installation.\nEOM\n    exit 1\nfi\n";
			showEnvVarsInLog = 0;
		};
		D918BD4450454162492DDC49 /* Embed Pods Frameworks */ = {
			isa = PBXShellScriptBuildPhase;
			buildActionMask = 2147483647;
			files = (
			);
			inputPaths = (
			);
			name = "Embed Pods Frameworks";
			outputPaths = (
			);
			runOnlyForDeploymentPostprocessing = 0;
			shellPath = /bin/sh;
			shellScript = "\"${SRCROOT}/Pods/Target Support Files/Pods-XcodeRemote WatchKit Extension/Pods-XcodeRemote WatchKit Extension-frameworks.sh\"\n";
			showEnvVarsInLog = 0;
		};
		EA6A9C4361C20AA5A7B4B11D /* Copy Pods Resources */ = {
			isa = PBXShellScriptBuildPhase;
			buildActionMask = 2147483647;
			files = (
			);
			inputPaths = (
			);
			name = "Copy Pods Resources";
			outputPaths = (
			);
			runOnlyForDeploymentPostprocessing = 0;
			shellPath = /bin/sh;
			shellScript = "\"${SRCROOT}/Pods/Target Support Files/Pods-XcodeRemotePhone/Pods-XcodeRemotePhone-resources.sh\"\n";
			showEnvVarsInLog = 0;
		};
/* End PBXShellScriptBuildPhase section */

/* Begin PBXSourcesBuildPhase section */
		A1B9D46E1AF67A63002128F3 /* Sources */ = {
			isa = PBXSourcesBuildPhase;
			buildActionMask = 2147483647;
			files = (
				A1B9D4781AF67A63002128F3 /* AppDelegate.swift in Sources */,
			);
			runOnlyForDeploymentPostprocessing = 0;
		};
		A1B9D4C21AF681AE002128F3 /* Sources */ = {
			isa = PBXSourcesBuildPhase;
			buildActionMask = 2147483647;
			files = (
				A1B9D4CB1AF681AE002128F3 /* AppDelegate.swift in Sources */,
			);
			runOnlyForDeploymentPostprocessing = 0;
		};
		A1B9D4E81AF6820D002128F3 /* Sources */ = {
			isa = PBXSourcesBuildPhase;
			buildActionMask = 2147483647;
			files = (
				A1B9D4F11AF6820D002128F3 /* InterfaceController.swift in Sources */,
			);
			runOnlyForDeploymentPostprocessing = 0;
		};
/* End PBXSourcesBuildPhase section */

/* Begin PBXTargetDependency section */
		A1B9D4F91AF6820D002128F3 /* PBXTargetDependency */ = {
			isa = PBXTargetDependency;
			target = A1B9D4F51AF6820D002128F3 /* XcodeRemote WatchKit App */;
			targetProxy = A1B9D4F81AF6820D002128F3 /* PBXContainerItemProxy */;
		};
		A1FA84F91AF697E300DA1FDD /* PBXTargetDependency */ = {
			isa = PBXTargetDependency;
			target = A1B9D4EB1AF6820D002128F3 /* XcodeRemote WatchKit Extension */;
			targetProxy = A1FA84F81AF697E300DA1FDD /* PBXContainerItemProxy */;
		};
/* End PBXTargetDependency section */

/* Begin PBXVariantGroup section */
		A1B9D47D1AF67A63002128F3 /* Main.storyboard */ = {
			isa = PBXVariantGroup;
			children = (
				A1B9D47E1AF67A63002128F3 /* Base */,
			);
			name = Main.storyboard;
			path = .;
			sourceTree = "<group>";
		};
		A1B9D4CE1AF681AE002128F3 /* Main.storyboard */ = {
			isa = PBXVariantGroup;
			children = (
				A1B9D4CF1AF681AE002128F3 /* Base */,
			);
			name = Main.storyboard;
			path = .;
			sourceTree = "<group>";
		};
		A1B9D4D31AF681AE002128F3 /* LaunchScreen.xib */ = {
			isa = PBXVariantGroup;
			children = (
				A1B9D4D41AF681AE002128F3 /* Base */,
			);
			name = LaunchScreen.xib;
			path = .;
			sourceTree = "<group>";
		};
		A1B9D4FD1AF6820D002128F3 /* Interface.storyboard */ = {
			isa = PBXVariantGroup;
			children = (
				A1B9D4FE1AF6820D002128F3 /* Base */,
			);
			name = Interface.storyboard;
			path = .;
			sourceTree = "<group>";
		};
/* End PBXVariantGroup section */

/* Begin XCBuildConfiguration section */
		A1B9D48C1AF67A64002128F3 /* Debug */ = {
			isa = XCBuildConfiguration;
			buildSettings = {
				ALWAYS_SEARCH_USER_PATHS = NO;
				CLANG_CXX_LANGUAGE_STANDARD = "gnu++0x";
				CLANG_CXX_LIBRARY = "libc++";
				CLANG_ENABLE_MODULES = YES;
				CLANG_ENABLE_OBJC_ARC = YES;
				CLANG_WARN_BOOL_CONVERSION = YES;
				CLANG_WARN_CONSTANT_CONVERSION = YES;
				CLANG_WARN_DIRECT_OBJC_ISA_USAGE = YES_ERROR;
				CLANG_WARN_EMPTY_BODY = YES;
				CLANG_WARN_ENUM_CONVERSION = YES;
				CLANG_WARN_INT_CONVERSION = YES;
				CLANG_WARN_OBJC_ROOT_CLASS = YES_ERROR;
				CLANG_WARN_UNREACHABLE_CODE = YES;
				CLANG_WARN__DUPLICATE_METHOD_MATCH = YES;
				CODE_SIGN_IDENTITY = "-";
				COPY_PHASE_STRIP = NO;
				DEBUG_INFORMATION_FORMAT = dwarf;
				ENABLE_STRICT_OBJC_MSGSEND = YES;
				GCC_C_LANGUAGE_STANDARD = gnu99;
				GCC_DYNAMIC_NO_PIC = NO;
				GCC_NO_COMMON_BLOCKS = YES;
				GCC_OPTIMIZATION_LEVEL = 0;
				GCC_PREPROCESSOR_DEFINITIONS = (
					"DEBUG=1",
					"$(inherited)",
				);
				GCC_SYMBOLS_PRIVATE_EXTERN = NO;
				GCC_WARN_64_TO_32_BIT_CONVERSION = YES;
				GCC_WARN_ABOUT_RETURN_TYPE = YES_ERROR;
				GCC_WARN_UNDECLARED_SELECTOR = YES;
				GCC_WARN_UNINITIALIZED_AUTOS = YES_AGGRESSIVE;
				GCC_WARN_UNUSED_FUNCTION = YES;
				GCC_WARN_UNUSED_VARIABLE = YES;
				IPHONEOS_DEPLOYMENT_TARGET = 8.2;
				MACOSX_DEPLOYMENT_TARGET = 10.10;
				MTL_ENABLE_DEBUG_INFO = YES;
				ONLY_ACTIVE_ARCH = YES;
				SDKROOT = macosx;
				SWIFT_OPTIMIZATION_LEVEL = "-Onone";
			};
			name = Debug;
		};
		A1B9D48D1AF67A64002128F3 /* Release */ = {
			isa = XCBuildConfiguration;
			buildSettings = {
				ALWAYS_SEARCH_USER_PATHS = NO;
				CLANG_CXX_LANGUAGE_STANDARD = "gnu++0x";
				CLANG_CXX_LIBRARY = "libc++";
				CLANG_ENABLE_MODULES = YES;
				CLANG_ENABLE_OBJC_ARC = YES;
				CLANG_WARN_BOOL_CONVERSION = YES;
				CLANG_WARN_CONSTANT_CONVERSION = YES;
				CLANG_WARN_DIRECT_OBJC_ISA_USAGE = YES_ERROR;
				CLANG_WARN_EMPTY_BODY = YES;
				CLANG_WARN_ENUM_CONVERSION = YES;
				CLANG_WARN_INT_CONVERSION = YES;
				CLANG_WARN_OBJC_ROOT_CLASS = YES_ERROR;
				CLANG_WARN_UNREACHABLE_CODE = YES;
				CLANG_WARN__DUPLICATE_METHOD_MATCH = YES;
				CODE_SIGN_IDENTITY = "-";
				COPY_PHASE_STRIP = NO;
				DEBUG_INFORMATION_FORMAT = "dwarf-with-dsym";
				ENABLE_NS_ASSERTIONS = NO;
				ENABLE_STRICT_OBJC_MSGSEND = YES;
				GCC_C_LANGUAGE_STANDARD = gnu99;
				GCC_NO_COMMON_BLOCKS = YES;
				GCC_WARN_64_TO_32_BIT_CONVERSION = YES;
				GCC_WARN_ABOUT_RETURN_TYPE = YES_ERROR;
				GCC_WARN_UNDECLARED_SELECTOR = YES;
				GCC_WARN_UNINITIALIZED_AUTOS = YES_AGGRESSIVE;
				GCC_WARN_UNUSED_FUNCTION = YES;
				GCC_WARN_UNUSED_VARIABLE = YES;
				IPHONEOS_DEPLOYMENT_TARGET = 8.2;
				MACOSX_DEPLOYMENT_TARGET = 10.10;
				MTL_ENABLE_DEBUG_INFO = NO;
				SDKROOT = macosx;
			};
			name = Release;
		};
		A1B9D48F1AF67A64002128F3 /* Debug */ = {
			isa = XCBuildConfiguration;
			baseConfigurationReference = 24F7B82253B57096473DDA05 /* Pods-XcodeRemote.debug.xcconfig */;
			buildSettings = {
				ASSETCATALOG_COMPILER_APPICON_NAME = AppIcon;
				COMBINE_HIDPI_IMAGES = YES;
				INFOPLIST_FILE = "Supporting Files/Info.plist";
				LD_RUNPATH_SEARCH_PATHS = "$(inherited) @executable_path/../Frameworks";
				PRODUCT_NAME = "$(TARGET_NAME)";
			};
			name = Debug;
		};
		A1B9D4901AF67A64002128F3 /* Release */ = {
			isa = XCBuildConfiguration;
			baseConfigurationReference = 932F2A30C89434072F38CE65 /* Pods-XcodeRemote.release.xcconfig */;
			buildSettings = {
				ASSETCATALOG_COMPILER_APPICON_NAME = AppIcon;
				COMBINE_HIDPI_IMAGES = YES;
				INFOPLIST_FILE = "Supporting Files/Info.plist";
				LD_RUNPATH_SEARCH_PATHS = "$(inherited) @executable_path/../Frameworks";
				PRODUCT_NAME = "$(TARGET_NAME)";
			};
			name = Release;
		};
		A1B9D4E21AF681AE002128F3 /* Debug */ = {
			isa = XCBuildConfiguration;
			baseConfigurationReference = 92693ED1BD228E1CC3B9706D /* Pods-XcodeRemotePhone.debug.xcconfig */;
			buildSettings = {
				ASSETCATALOG_COMPILER_APPICON_NAME = AppIcon;
				CODE_SIGN_IDENTITY = "iPhone Developer";
				"CODE_SIGN_IDENTITY[sdk=iphoneos*]" = "iPhone Developer";
				DEBUG_INFORMATION_FORMAT = "dwarf-with-dsym";
				GCC_PREPROCESSOR_DEFINITIONS = (
					"DEBUG=1",
					"$(inherited)",
				);
				INFOPLIST_FILE = XcodeRemotePhone/Info.plist;
				IPHONEOS_DEPLOYMENT_TARGET = 8.2;
				LD_RUNPATH_SEARCH_PATHS = "$(inherited) @executable_path/Frameworks";
				PRODUCT_NAME = "$(TARGET_NAME)";
				SDKROOT = iphoneos;
			};
			name = Debug;
		};
		A1B9D4E31AF681AE002128F3 /* Release */ = {
			isa = XCBuildConfiguration;
			baseConfigurationReference = CD71BE794AFFEECF95971E2C /* Pods-XcodeRemotePhone.release.xcconfig */;
			buildSettings = {
				ASSETCATALOG_COMPILER_APPICON_NAME = AppIcon;
				CODE_SIGN_IDENTITY = "iPhone Developer";
				"CODE_SIGN_IDENTITY[sdk=iphoneos*]" = "iPhone Developer";
				INFOPLIST_FILE = XcodeRemotePhone/Info.plist;
				IPHONEOS_DEPLOYMENT_TARGET = 8.2;
				LD_RUNPATH_SEARCH_PATHS = "$(inherited) @executable_path/Frameworks";
				PRODUCT_NAME = "$(TARGET_NAME)";
				SDKROOT = iphoneos;
				VALIDATE_PRODUCT = YES;
			};
			name = Release;
		};
		A1B9D5061AF6820D002128F3 /* Debug */ = {
			isa = XCBuildConfiguration;
			buildSettings = {
				ASSETCATALOG_COMPILER_APPICON_NAME = AppIcon;
				CODE_SIGN_IDENTITY = "iPhone Developer";
				DEBUG_INFORMATION_FORMAT = "dwarf-with-dsym";
				GCC_PREPROCESSOR_DEFINITIONS = (
					"DEBUG=1",
					"$(inherited)",
				);
				IBSC_MODULE = XcodeRemote_WatchKit_Extension;
				INFOPLIST_FILE = "XcodeRemote WatchKit App/Info.plist";
				IPHONEOS_DEPLOYMENT_TARGET = 8.2;
				PRODUCT_NAME = "$(TARGET_NAME)";
				SDKROOT = iphoneos;
				SKIP_INSTALL = YES;
				TARGETED_DEVICE_FAMILY = 4;
				"TARGETED_DEVICE_FAMILY[sdk=iphonesimulator*]" = "1,4";
			};
			name = Debug;
		};
		A1B9D5071AF6820D002128F3 /* Release */ = {
			isa = XCBuildConfiguration;
			buildSettings = {
				ASSETCATALOG_COMPILER_APPICON_NAME = AppIcon;
				CODE_SIGN_IDENTITY = "iPhone Developer";
				IBSC_MODULE = XcodeRemote_WatchKit_Extension;
				INFOPLIST_FILE = "XcodeRemote WatchKit App/Info.plist";
				IPHONEOS_DEPLOYMENT_TARGET = 8.2;
				PRODUCT_NAME = "$(TARGET_NAME)";
				SDKROOT = iphoneos;
				SKIP_INSTALL = YES;
				TARGETED_DEVICE_FAMILY = 4;
				"TARGETED_DEVICE_FAMILY[sdk=iphonesimulator*]" = "1,4";
				VALIDATE_PRODUCT = YES;
			};
			name = Release;
		};
		A1B9D5091AF6820D002128F3 /* Debug */ = {
			isa = XCBuildConfiguration;
			baseConfigurationReference = 94D07ED2F520B7D4BC3C5FA8 /* Pods-XcodeRemote WatchKit Extension.debug.xcconfig */;
			buildSettings = {
				CODE_SIGN_IDENTITY = "iPhone Developer";
				DEBUG_INFORMATION_FORMAT = "dwarf-with-dsym";
				GCC_PREPROCESSOR_DEFINITIONS = (
					"DEBUG=1",
					"$(inherited)",
				);
				INFOPLIST_FILE = "XcodeRemote WatchKit Extension/Info.plist";
				IPHONEOS_DEPLOYMENT_TARGET = 8.2;
				LD_RUNPATH_SEARCH_PATHS = "$(inherited) @executable_path/Frameworks @executable_path/../../Frameworks";
				PRODUCT_NAME = "${TARGET_NAME}";
				SDKROOT = iphoneos;
				SKIP_INSTALL = YES;
			};
			name = Debug;
		};
		A1B9D50A1AF6820D002128F3 /* Release */ = {
			isa = XCBuildConfiguration;
			baseConfigurationReference = 7392BADEA6B8B3033DC8AD2B /* Pods-XcodeRemote WatchKit Extension.release.xcconfig */;
			buildSettings = {
				CODE_SIGN_IDENTITY = "iPhone Developer";
				INFOPLIST_FILE = "XcodeRemote WatchKit Extension/Info.plist";
				IPHONEOS_DEPLOYMENT_TARGET = 8.2;
				LD_RUNPATH_SEARCH_PATHS = "$(inherited) @executable_path/Frameworks @executable_path/../../Frameworks";
				PRODUCT_NAME = "${TARGET_NAME}";
				SDKROOT = iphoneos;
				SKIP_INSTALL = YES;
				VALIDATE_PRODUCT = YES;
			};
			name = Release;
		};
/* End XCBuildConfiguration section */

/* Begin XCConfigurationList section */
		A1B9D46D1AF67A63002128F3 /* Build configuration list for PBXProject "XcodeRemote" */ = {
			isa = XCConfigurationList;
			buildConfigurations = (
				A1B9D48C1AF67A64002128F3 /* Debug */,
				A1B9D48D1AF67A64002128F3 /* Release */,
			);
			defaultConfigurationIsVisible = 0;
			defaultConfigurationName = Release;
		};
		A1B9D48E1AF67A64002128F3 /* Build configuration list for PBXNativeTarget "XcodeRemote" */ = {
			isa = XCConfigurationList;
			buildConfigurations = (
				A1B9D48F1AF67A64002128F3 /* Debug */,
				A1B9D4901AF67A64002128F3 /* Release */,
			);
			defaultConfigurationIsVisible = 0;
			defaultConfigurationName = Release;
		};
		A1B9D4E61AF681AE002128F3 /* Build configuration list for PBXNativeTarget "XcodeRemotePhone" */ = {
			isa = XCConfigurationList;
			buildConfigurations = (
				A1B9D4E21AF681AE002128F3 /* Debug */,
				A1B9D4E31AF681AE002128F3 /* Release */,
			);
			defaultConfigurationIsVisible = 0;
			defaultConfigurationName = Release;
		};
		A1B9D5051AF6820D002128F3 /* Build configuration list for PBXNativeTarget "XcodeRemote WatchKit App" */ = {
			isa = XCConfigurationList;
			buildConfigurations = (
				A1B9D5061AF6820D002128F3 /* Debug */,
				A1B9D5071AF6820D002128F3 /* Release */,
			);
			defaultConfigurationIsVisible = 0;
			defaultConfigurationName = Release;
		};
		A1B9D5081AF6820D002128F3 /* Build configuration list for PBXNativeTarget "XcodeRemote WatchKit Extension" */ = {
			isa = XCConfigurationList;
			buildConfigurations = (
				A1B9D5091AF6820D002128F3 /* Debug */,
				A1B9D50A1AF6820D002128F3 /* Release */,
			);
			defaultConfigurationIsVisible = 0;
			defaultConfigurationName = Release;
		};
/* End XCConfigurationList section */
	};
	rootObject = A1B9D46A1AF67A63002128F3 /* Project object */;
}
